// !$*UTF8*$!
{
	archiveVersion = 1;
	classes = {
	};
	objectVersion = 56;
	objects = {

/* Begin PBXBuildFile section */
		93C243CD2C4C3BD800471D51 /* LittleLemonAppApp.swift in Sources */ = {isa = PBXBuildFile; fileRef = 93C243CC2C4C3BD800471D51 /* LittleLemonAppApp.swift */; };
		93C243CF2C4C3BD800471D51 /* ContentView.swift in Sources */ = {isa = PBXBuildFile; fileRef = 93C243CE2C4C3BD800471D51 /* ContentView.swift */; };
		93C243D12C4C3BDA00471D51 /* Assets.xcassets in Resources */ = {isa = PBXBuildFile; fileRef = 93C243D02C4C3BDA00471D51 /* Assets.xcassets */; };
		93C243D42C4C3BDA00471D51 /* Preview Assets.xcassets in Resources */ = {isa = PBXBuildFile; fileRef = 93C243D32C4C3BDA00471D51 /* Preview Assets.xcassets */; };
		93C243D62C4C3BDA00471D51 /* Persistence.swift in Sources */ = {isa = PBXBuildFile; fileRef = 93C243D52C4C3BDA00471D51 /* Persistence.swift */; };
		93C243D92C4C3BDA00471D51 /* LittleLemonApp.xcdatamodeld in Sources */ = {isa = PBXBuildFile; fileRef = 93C243D72C4C3BDA00471D51 /* LittleLemonApp.xcdatamodeld */; };
		93C243E32C4C3BDB00471D51 /* LittleLemonAppTests.swift in Sources */ = {isa = PBXBuildFile; fileRef = 93C243E22C4C3BDB00471D51 /* LittleLemonAppTests.swift */; };
		93C243ED2C4C3BDB00471D51 /* LittleLemonAppUITests.swift in Sources */ = {isa = PBXBuildFile; fileRef = 93C243EC2C4C3BDB00471D51 /* LittleLemonAppUITests.swift */; };
		93C243EF2C4C3BDB00471D51 /* LittleLemonAppUITestsLaunchTests.swift in Sources */ = {isa = PBXBuildFile; fileRef = 93C243EE2C4C3BDB00471D51 /* LittleLemonAppUITestsLaunchTests.swift */; };
		93C243FD2C4C47D700471D51 /* OnboardingView.swift in Sources */ = {isa = PBXBuildFile; fileRef = 93C243FC2C4C47D700471D51 /* OnboardingView.swift */; };
		93C243FF2C4C47E700471D51 /* MenuView.swift in Sources */ = {isa = PBXBuildFile; fileRef = 93C243FE2C4C47E700471D51 /* MenuView.swift */; };
		93C244012C4C47F500471D51 /* HomeView.swift in Sources */ = {isa = PBXBuildFile; fileRef = 93C244002C4C47F500471D51 /* HomeView.swift */; };
		93C244032C4C480700471D51 /* UserProfileView.swift in Sources */ = {isa = PBXBuildFile; fileRef = 93C244022C4C480700471D51 /* UserProfileView.swift */; };
		93C244052C4C48D900471D51 /* HeroView.swift in Sources */ = {isa = PBXBuildFile; fileRef = 93C244042C4C48D900471D51 /* HeroView.swift */; };
		93C244072C4C48E600471D51 /* HeaderView.swift in Sources */ = {isa = PBXBuildFile; fileRef = 93C244062C4C48E600471D51 /* HeaderView.swift */; };
		93C244092C4C48F800471D51 /* FoodItemView.swift in Sources */ = {isa = PBXBuildFile; fileRef = 93C244082C4C48F800471D51 /* FoodItemView.swift */; };
		93C2440B2C4C491200471D51 /* MainScreenView.swift in Sources */ = {isa = PBXBuildFile; fileRef = 93C2440A2C4C491200471D51 /* MainScreenView.swift */; };
		93C2440D2C4C492500471D51 /* DetailItemView.swift in Sources */ = {isa = PBXBuildFile; fileRef = 93C2440C2C4C492500471D51 /* DetailItemView.swift */; };
		93C244102C4C494600471D51 /* ViewModel.swift in Sources */ = {isa = PBXBuildFile; fileRef = 93C2440F2C4C494600471D51 /* ViewModel.swift */; };
		93C244142C4C4B0300471D51 /* MenuItem.swift in Sources */ = {isa = PBXBuildFile; fileRef = 93C244132C4C4B0300471D51 /* MenuItem.swift */; };
		93C244162C4C4B1100471D51 /* MenuList.swift in Sources */ = {isa = PBXBuildFile; fileRef = 93C244152C4C4B1100471D51 /* MenuList.swift */; };
		93C2441A2C4C4B6500471D51 /* Extensions.swift in Sources */ = {isa = PBXBuildFile; fileRef = 93C244192C4C4B6500471D51 /* Extensions.swift */; };
		93C2441C2C4C4EA600471D51 /* FetchObjects.swift in Sources */ = {isa = PBXBuildFile; fileRef = 93C2441B2C4C4EA600471D51 /* FetchObjects.swift */; };
/* End PBXBuildFile section */

/* Begin PBXContainerItemProxy section */
		93C243DF2C4C3BDB00471D51 /* PBXContainerItemProxy */ = {
			isa = PBXContainerItemProxy;
			containerPortal = 93C243C12C4C3BD800471D51 /* Project object */;
			proxyType = 1;
			remoteGlobalIDString = 93C243C82C4C3BD800471D51;
			remoteInfo = LittleLemonApp;
		};
		93C243E92C4C3BDB00471D51 /* PBXContainerItemProxy */ = {
			isa = PBXContainerItemProxy;
			containerPortal = 93C243C12C4C3BD800471D51 /* Project object */;
			proxyType = 1;
			remoteGlobalIDString = 93C243C82C4C3BD800471D51;
			remoteInfo = LittleLemonApp;
		};
/* End PBXContainerItemProxy section */

/* Begin PBXFileReference section */
		93C243C92C4C3BD800471D51 /* LittleLemonApp.app */ = {isa = PBXFileReference; explicitFileType = wrapper.application; includeInIndex = 0; path = LittleLemonApp.app; sourceTree = BUILT_PRODUCTS_DIR; };
		93C243CC2C4C3BD800471D51 /* LittleLemonAppApp.swift */ = {isa = PBXFileReference; lastKnownFileType = sourcecode.swift; path = LittleLemonAppApp.swift; sourceTree = "<group>"; };
		93C243CE2C4C3BD800471D51 /* ContentView.swift */ = {isa = PBXFileReference; lastKnownFileType = sourcecode.swift; path = ContentView.swift; sourceTree = "<group>"; };
		93C243D02C4C3BDA00471D51 /* Assets.xcassets */ = {isa = PBXFileReference; lastKnownFileType = folder.assetcatalog; path = Assets.xcassets; sourceTree = "<group>"; };
		93C243D32C4C3BDA00471D51 /* Preview Assets.xcassets */ = {isa = PBXFileReference; lastKnownFileType = folder.assetcatalog; path = "Preview Assets.xcassets"; sourceTree = "<group>"; };
		93C243D52C4C3BDA00471D51 /* Persistence.swift */ = {isa = PBXFileReference; lastKnownFileType = sourcecode.swift; path = Persistence.swift; sourceTree = "<group>"; };
		93C243D82C4C3BDA00471D51 /* LittleLemonApp.xcdatamodel */ = {isa = PBXFileReference; lastKnownFileType = wrapper.xcdatamodel; path = LittleLemonApp.xcdatamodel; sourceTree = "<group>"; };
		93C243DE2C4C3BDB00471D51 /* LittleLemonAppTests.xctest */ = {isa = PBXFileReference; explicitFileType = wrapper.cfbundle; includeInIndex = 0; path = LittleLemonAppTests.xctest; sourceTree = BUILT_PRODUCTS_DIR; };
		93C243E22C4C3BDB00471D51 /* LittleLemonAppTests.swift */ = {isa = PBXFileReference; lastKnownFileType = sourcecode.swift; path = LittleLemonAppTests.swift; sourceTree = "<group>"; };
		93C243E82C4C3BDB00471D51 /* LittleLemonAppUITests.xctest */ = {isa = PBXFileReference; explicitFileType = wrapper.cfbundle; includeInIndex = 0; path = LittleLemonAppUITests.xctest; sourceTree = BUILT_PRODUCTS_DIR; };
		93C243EC2C4C3BDB00471D51 /* LittleLemonAppUITests.swift */ = {isa = PBXFileReference; lastKnownFileType = sourcecode.swift; path = LittleLemonAppUITests.swift; sourceTree = "<group>"; };
		93C243EE2C4C3BDB00471D51 /* LittleLemonAppUITestsLaunchTests.swift */ = {isa = PBXFileReference; lastKnownFileType = sourcecode.swift; path = LittleLemonAppUITestsLaunchTests.swift; sourceTree = "<group>"; };
		93C243FC2C4C47D700471D51 /* OnboardingView.swift */ = {isa = PBXFileReference; lastKnownFileType = sourcecode.swift; path = OnboardingView.swift; sourceTree = "<group>"; };
		93C243FE2C4C47E700471D51 /* MenuView.swift */ = {isa = PBXFileReference; lastKnownFileType = sourcecode.swift; path = MenuView.swift; sourceTree = "<group>"; };
		93C244002C4C47F500471D51 /* HomeView.swift */ = {isa = PBXFileReference; lastKnownFileType = sourcecode.swift; path = HomeView.swift; sourceTree = "<group>"; };
		93C244022C4C480700471D51 /* UserProfileView.swift */ = {isa = PBXFileReference; lastKnownFileType = sourcecode.swift; path = UserProfileView.swift; sourceTree = "<group>"; };
		93C244042C4C48D900471D51 /* HeroView.swift */ = {isa = PBXFileReference; lastKnownFileType = sourcecode.swift; path = HeroView.swift; sourceTree = "<group>"; };
		93C244062C4C48E600471D51 /* HeaderView.swift */ = {isa = PBXFileReference; lastKnownFileType = sourcecode.swift; path = HeaderView.swift; sourceTree = "<group>"; };
		93C244082C4C48F800471D51 /* FoodItemView.swift */ = {isa = PBXFileReference; lastKnownFileType = sourcecode.swift; path = FoodItemView.swift; sourceTree = "<group>"; };
		93C2440A2C4C491200471D51 /* MainScreenView.swift */ = {isa = PBXFileReference; lastKnownFileType = sourcecode.swift; path = MainScreenView.swift; sourceTree = "<group>"; };
		93C2440C2C4C492500471D51 /* DetailItemView.swift */ = {isa = PBXFileReference; lastKnownFileType = sourcecode.swift; path = DetailItemView.swift; sourceTree = "<group>"; };
		93C2440F2C4C494600471D51 /* ViewModel.swift */ = {isa = PBXFileReference; lastKnownFileType = sourcecode.swift; path = ViewModel.swift; sourceTree = "<group>"; };
		93C244132C4C4B0300471D51 /* MenuItem.swift */ = {isa = PBXFileReference; lastKnownFileType = sourcecode.swift; path = MenuItem.swift; sourceTree = "<group>"; };
		93C244152C4C4B1100471D51 /* MenuList.swift */ = {isa = PBXFileReference; lastKnownFileType = sourcecode.swift; path = MenuList.swift; sourceTree = "<group>"; };
		93C244192C4C4B6500471D51 /* Extensions.swift */ = {isa = PBXFileReference; lastKnownFileType = sourcecode.swift; path = Extensions.swift; sourceTree = "<group>"; };
		93C2441B2C4C4EA600471D51 /* FetchObjects.swift */ = {isa = PBXFileReference; lastKnownFileType = sourcecode.swift; path = FetchObjects.swift; sourceTree = "<group>"; };
/* End PBXFileReference section */

/* Begin PBXFrameworksBuildPhase section */
		93C243C62C4C3BD800471D51 /* Frameworks */ = {
			isa = PBXFrameworksBuildPhase;
			buildActionMask = 2147483647;
			files = (
			);
			runOnlyForDeploymentPostprocessing = 0;
		};
		93C243DB2C4C3BDB00471D51 /* Frameworks */ = {
			isa = PBXFrameworksBuildPhase;
			buildActionMask = 2147483647;
			files = (
			);
			runOnlyForDeploymentPostprocessing = 0;
		};
		93C243E52C4C3BDB00471D51 /* Frameworks */ = {
			isa = PBXFrameworksBuildPhase;
			buildActionMask = 2147483647;
			files = (
			);
			runOnlyForDeploymentPostprocessing = 0;
		};
/* End PBXFrameworksBuildPhase section */

/* Begin PBXGroup section */
		93C243C02C4C3BD800471D51 = {
			isa = PBXGroup;
			children = (
				93C243CB2C4C3BD800471D51 /* LittleLemonApp */,
				93C243E12C4C3BDB00471D51 /* LittleLemonAppTests */,
				93C243EB2C4C3BDB00471D51 /* LittleLemonAppUITests */,
				93C243CA2C4C3BD800471D51 /* Products */,
			);
			sourceTree = "<group>";
		};
		93C243CA2C4C3BD800471D51 /* Products */ = {
			isa = PBXGroup;
			children = (
				93C243C92C4C3BD800471D51 /* LittleLemonApp.app */,
				93C243DE2C4C3BDB00471D51 /* LittleLemonAppTests.xctest */,
				93C243E82C4C3BDB00471D51 /* LittleLemonAppUITests.xctest */,
			);
			name = Products;
			sourceTree = "<group>";
		};
		93C243CB2C4C3BD800471D51 /* LittleLemonApp */ = {
			isa = PBXGroup;
			children = (
				93C244182C4C4B4F00471D51 /* Extension */,
				93C244112C4C494F00471D51 /* CoreData */,
				93C244122C4C496A00471D51 /* Model */,
				93C2440E2C4C493500471D51 /* ViewModel */,
				93C244172C4C4B2700471D51 /* App */,
				93C243FB2C4C479300471D51 /* View */,
				93C243D02C4C3BDA00471D51 /* Assets.xcassets */,
				93C243D22C4C3BDA00471D51 /* Preview Content */,
			);
			path = LittleLemonApp;
			sourceTree = "<group>";
		};
		93C243D22C4C3BDA00471D51 /* Preview Content */ = {
			isa = PBXGroup;
			children = (
				93C243D32C4C3BDA00471D51 /* Preview Assets.xcassets */,
			);
			path = "Preview Content";
			sourceTree = "<group>";
		};
		93C243E12C4C3BDB00471D51 /* LittleLemonAppTests */ = {
			isa = PBXGroup;
			children = (
				93C243E22C4C3BDB00471D51 /* LittleLemonAppTests.swift */,
			);
			path = LittleLemonAppTests;
			sourceTree = "<group>";
		};
		93C243EB2C4C3BDB00471D51 /* LittleLemonAppUITests */ = {
			isa = PBXGroup;
			children = (
				93C243EC2C4C3BDB00471D51 /* LittleLemonAppUITests.swift */,
				93C243EE2C4C3BDB00471D51 /* LittleLemonAppUITestsLaunchTests.swift */,
			);
			path = LittleLemonAppUITests;
			sourceTree = "<group>";
		};
		93C243FB2C4C479300471D51 /* View */ = {
			isa = PBXGroup;
			children = (
				93C243FC2C4C47D700471D51 /* OnboardingView.swift */,
				93C243FE2C4C47E700471D51 /* MenuView.swift */,
				93C244002C4C47F500471D51 /* HomeView.swift */,
				93C244022C4C480700471D51 /* UserProfileView.swift */,
				93C244062C4C48E600471D51 /* HeaderView.swift */,
				93C244082C4C48F800471D51 /* FoodItemView.swift */,
				93C2440A2C4C491200471D51 /* MainScreenView.swift */,
				93C2440C2C4C492500471D51 /* DetailItemView.swift */,
				93C244042C4C48D900471D51 /* HeroView.swift */,
			);
			path = View;
			sourceTree = "<group>";
		};
		93C2440E2C4C493500471D51 /* ViewModel */ = {
			isa = PBXGroup;
			children = (
				93C2440F2C4C494600471D51 /* ViewModel.swift */,
			);
			path = ViewModel;
			sourceTree = "<group>";
		};
		93C244112C4C494F00471D51 /* CoreData */ = {
			isa = PBXGroup;
			children = (
				93C243D72C4C3BDA00471D51 /* LittleLemonApp.xcdatamodeld */,
				93C243D52C4C3BDA00471D51 /* Persistence.swift */,
				93C2441B2C4C4EA600471D51 /* FetchObjects.swift */,
			);
			path = CoreData;
			sourceTree = "<group>";
		};
		93C244122C4C496A00471D51 /* Model */ = {
			isa = PBXGroup;
			children = (
				93C244132C4C4B0300471D51 /* MenuItem.swift */,
				93C244152C4C4B1100471D51 /* MenuList.swift */,
			);
			path = Model;
			sourceTree = "<group>";
		};
		93C244172C4C4B2700471D51 /* App */ = {
			isa = PBXGroup;
			children = (
				93C243CE2C4C3BD800471D51 /* ContentView.swift */,
				93C243CC2C4C3BD800471D51 /* LittleLemonAppApp.swift */,
			);
			path = App;
			sourceTree = "<group>";
		};
		93C244182C4C4B4F00471D51 /* Extension */ = {
			isa = PBXGroup;
			children = (
				93C244192C4C4B6500471D51 /* Extensions.swift */,
			);
			path = Extension;
			sourceTree = "<group>";
		};
/* End PBXGroup section */

/* Begin PBXNativeTarget section */
		93C243C82C4C3BD800471D51 /* LittleLemonApp */ = {
			isa = PBXNativeTarget;
			buildConfigurationList = 93C243F22C4C3BDB00471D51 /* Build configuration list for PBXNativeTarget "LittleLemonApp" */;
			buildPhases = (
				93C243C52C4C3BD800471D51 /* Sources */,
				93C243C62C4C3BD800471D51 /* Frameworks */,
				93C243C72C4C3BD800471D51 /* Resources */,
			);
			buildRules = (
			);
			dependencies = (
			);
			name = LittleLemonApp;
			productName = LittleLemonApp;
			productReference = 93C243C92C4C3BD800471D51 /* LittleLemonApp.app */;
			productType = "com.apple.product-type.application";
		};
		93C243DD2C4C3BDB00471D51 /* LittleLemonAppTests */ = {
			isa = PBXNativeTarget;
			buildConfigurationList = 93C243F52C4C3BDB00471D51 /* Build configuration list for PBXNativeTarget "LittleLemonAppTests" */;
			buildPhases = (
				93C243DA2C4C3BDB00471D51 /* Sources */,
				93C243DB2C4C3BDB00471D51 /* Frameworks */,
				93C243DC2C4C3BDB00471D51 /* Resources */,
			);
			buildRules = (
			);
			dependencies = (
				93C243E02C4C3BDB00471D51 /* PBXTargetDependency */,
			);
			name = LittleLemonAppTests;
			productName = LittleLemonAppTests;
			productReference = 93C243DE2C4C3BDB00471D51 /* LittleLemonAppTests.xctest */;
			productType = "com.apple.product-type.bundle.unit-test";
		};
		93C243E72C4C3BDB00471D51 /* LittleLemonAppUITests */ = {
			isa = PBXNativeTarget;
			buildConfigurationList = 93C243F82C4C3BDB00471D51 /* Build configuration list for PBXNativeTarget "LittleLemonAppUITests" */;
			buildPhases = (
				93C243E42C4C3BDB00471D51 /* Sources */,
				93C243E52C4C3BDB00471D51 /* Frameworks */,
				93C243E62C4C3BDB00471D51 /* Resources */,
			);
			buildRules = (
			);
			dependencies = (
				93C243EA2C4C3BDB00471D51 /* PBXTargetDependency */,
			);
			name = LittleLemonAppUITests;
			productName = LittleLemonAppUITests;
			productReference = 93C243E82C4C3BDB00471D51 /* LittleLemonAppUITests.xctest */;
			productType = "com.apple.product-type.bundle.ui-testing";
		};
/* End PBXNativeTarget section */

/* Begin PBXProject section */
		93C243C12C4C3BD800471D51 /* Project object */ = {
			isa = PBXProject;
			attributes = {
				BuildIndependentTargetsInParallel = 1;
				LastSwiftUpdateCheck = 1520;
				LastUpgradeCheck = 1520;
				TargetAttributes = {
					93C243C82C4C3BD800471D51 = {
						CreatedOnToolsVersion = 15.2;
					};
					93C243DD2C4C3BDB00471D51 = {
						CreatedOnToolsVersion = 15.2;
						TestTargetID = 93C243C82C4C3BD800471D51;
					};
					93C243E72C4C3BDB00471D51 = {
						CreatedOnToolsVersion = 15.2;
						TestTargetID = 93C243C82C4C3BD800471D51;
					};
				};
			};
			buildConfigurationList = 93C243C42C4C3BD800471D51 /* Build configuration list for PBXProject "LittleLemonApp" */;
			compatibilityVersion = "Xcode 14.0";
			developmentRegion = en;
			hasScannedForEncodings = 0;
			knownRegions = (
				en,
				Base,
			);
			mainGroup = 93C243C02C4C3BD800471D51;
			productRefGroup = 93C243CA2C4C3BD800471D51 /* Products */;
			projectDirPath = "";
			projectRoot = "";
			targets = (
				93C243C82C4C3BD800471D51 /* LittleLemonApp */,
				93C243DD2C4C3BDB00471D51 /* LittleLemonAppTests */,
				93C243E72C4C3BDB00471D51 /* LittleLemonAppUITests */,
			);
		};
/* End PBXProject section */

/* Begin PBXResourcesBuildPhase section */
		93C243C72C4C3BD800471D51 /* Resources */ = {
			isa = PBXResourcesBuildPhase;
			buildActionMask = 2147483647;
			files = (
				93C243D42C4C3BDA00471D51 /* Preview Assets.xcassets in Resources */,
				93C243D12C4C3BDA00471D51 /* Assets.xcassets in Resources */,
			);
			runOnlyForDeploymentPostprocessing = 0;
		};
		93C243DC2C4C3BDB00471D51 /* Resources */ = {
			isa = PBXResourcesBuildPhase;
			buildActionMask = 2147483647;
			files = (
			);
			runOnlyForDeploymentPostprocessing = 0;
		};
		93C243E62C4C3BDB00471D51 /* Resources */ = {
			isa = PBXResourcesBuildPhase;
			buildActionMask = 2147483647;
			files = (
			);
			runOnlyForDeploymentPostprocessing = 0;
		};
/* End PBXResourcesBuildPhase section */

/* Begin PBXSourcesBuildPhase section */
		93C243C52C4C3BD800471D51 /* Sources */ = {
			isa = PBXSourcesBuildPhase;
			buildActionMask = 2147483647;
			files = (
				93C243D62C4C3BDA00471D51 /* Persistence.swift in Sources */,
				93C244012C4C47F500471D51 /* HomeView.swift in Sources */,
				93C244052C4C48D900471D51 /* HeroView.swift in Sources */,
				93C2440D2C4C492500471D51 /* DetailItemView.swift in Sources */,
				93C243FF2C4C47E700471D51 /* MenuView.swift in Sources */,
				93C244032C4C480700471D51 /* UserProfileView.swift in Sources */,
				93C244102C4C494600471D51 /* ViewModel.swift in Sources */,
				93C244072C4C48E600471D51 /* HeaderView.swift in Sources */,
				93C244092C4C48F800471D51 /* FoodItemView.swift in Sources */,
				93C244142C4C4B0300471D51 /* MenuItem.swift in Sources */,
				93C244162C4C4B1100471D51 /* MenuList.swift in Sources */,
				93C2441C2C4C4EA600471D51 /* FetchObjects.swift in Sources */,
				93C2440B2C4C491200471D51 /* MainScreenView.swift in Sources */,
				93C243D92C4C3BDA00471D51 /* LittleLemonApp.xcdatamodeld in Sources */,
				93C243CF2C4C3BD800471D51 /* ContentView.swift in Sources */,
				93C2441A2C4C4B6500471D51 /* Extensions.swift in Sources */,
				93C243FD2C4C47D700471D51 /* OnboardingView.swift in Sources */,
				93C243CD2C4C3BD800471D51 /* LittleLemonAppApp.swift in Sources */,
			);
			runOnlyForDeploymentPostprocessing = 0;
		};
		93C243DA2C4C3BDB00471D51 /* Sources */ = {
			isa = PBXSourcesBuildPhase;
			buildActionMask = 2147483647;
			files = (
				93C243E32C4C3BDB00471D51 /* LittleLemonAppTests.swift in Sources */,
			);
			runOnlyForDeploymentPostprocessing = 0;
		};
		93C243E42C4C3BDB00471D51 /* Sources */ = {
			isa = PBXSourcesBuildPhase;
			buildActionMask = 2147483647;
			files = (
				93C243EF2C4C3BDB00471D51 /* LittleLemonAppUITestsLaunchTests.swift in Sources */,
				93C243ED2C4C3BDB00471D51 /* LittleLemonAppUITests.swift in Sources */,
			);
			runOnlyForDeploymentPostprocessing = 0;
		};
/* End PBXSourcesBuildPhase section */

/* Begin PBXTargetDependency section */
		93C243E02C4C3BDB00471D51 /* PBXTargetDependency */ = {
			isa = PBXTargetDependency;
			target = 93C243C82C4C3BD800471D51 /* LittleLemonApp */;
			targetProxy = 93C243DF2C4C3BDB00471D51 /* PBXContainerItemProxy */;
		};
		93C243EA2C4C3BDB00471D51 /* PBXTargetDependency */ = {
			isa = PBXTargetDependency;
			target = 93C243C82C4C3BD800471D51 /* LittleLemonApp */;
			targetProxy = 93C243E92C4C3BDB00471D51 /* PBXContainerItemProxy */;
		};
/* End PBXTargetDependency section */

/* Begin XCBuildConfiguration section */
		93C243F02C4C3BDB00471D51 /* Debug */ = {
			isa = XCBuildConfiguration;
			buildSettings = {
				ALWAYS_SEARCH_USER_PATHS = NO;
				ASSETCATALOG_COMPILER_GENERATE_SWIFT_ASSET_SYMBOL_EXTENSIONS = YES;
				CLANG_ANALYZER_NONNULL = YES;
				CLANG_ANALYZER_NUMBER_OBJECT_CONVERSION = YES_AGGRESSIVE;
				CLANG_CXX_LANGUAGE_STANDARD = "gnu++20";
				CLANG_ENABLE_MODULES = YES;
				CLANG_ENABLE_OBJC_ARC = YES;
				CLANG_ENABLE_OBJC_WEAK = YES;
				CLANG_WARN_BLOCK_CAPTURE_AUTORELEASING = YES;
				CLANG_WARN_BOOL_CONVERSION = YES;
				CLANG_WARN_COMMA = YES;
				CLANG_WARN_CONSTANT_CONVERSION = YES;
				CLANG_WARN_DEPRECATED_OBJC_IMPLEMENTATIONS = YES;
				CLANG_WARN_DIRECT_OBJC_ISA_USAGE = YES_ERROR;
				CLANG_WARN_DOCUMENTATION_COMMENTS = YES;
				CLANG_WARN_EMPTY_BODY = YES;
				CLANG_WARN_ENUM_CONVERSION = YES;
				CLANG_WARN_INFINITE_RECURSION = YES;
				CLANG_WARN_INT_CONVERSION = YES;
				CLANG_WARN_NON_LITERAL_NULL_CONVERSION = YES;
				CLANG_WARN_OBJC_IMPLICIT_RETAIN_SELF = YES;
				CLANG_WARN_OBJC_LITERAL_CONVERSION = YES;
				CLANG_WARN_OBJC_ROOT_CLASS = YES_ERROR;
				CLANG_WARN_QUOTED_INCLUDE_IN_FRAMEWORK_HEADER = YES;
				CLANG_WARN_RANGE_LOOP_ANALYSIS = YES;
				CLANG_WARN_STRICT_PROTOTYPES = YES;
				CLANG_WARN_SUSPICIOUS_MOVE = YES;
				CLANG_WARN_UNGUARDED_AVAILABILITY = YES_AGGRESSIVE;
				CLANG_WARN_UNREACHABLE_CODE = YES;
				CLANG_WARN__DUPLICATE_METHOD_MATCH = YES;
				COPY_PHASE_STRIP = NO;
				DEBUG_INFORMATION_FORMAT = dwarf;
				ENABLE_STRICT_OBJC_MSGSEND = YES;
				ENABLE_TESTABILITY = YES;
				ENABLE_USER_SCRIPT_SANDBOXING = YES;
				GCC_C_LANGUAGE_STANDARD = gnu17;
				GCC_DYNAMIC_NO_PIC = NO;
				GCC_NO_COMMON_BLOCKS = YES;
				GCC_OPTIMIZATION_LEVEL = 0;
				GCC_PREPROCESSOR_DEFINITIONS = (
					"DEBUG=1",
					"$(inherited)",
				);
				GCC_WARN_64_TO_32_BIT_CONVERSION = YES;
				GCC_WARN_ABOUT_RETURN_TYPE = YES_ERROR;
				GCC_WARN_UNDECLARED_SELECTOR = YES;
				GCC_WARN_UNINITIALIZED_AUTOS = YES_AGGRESSIVE;
				GCC_WARN_UNUSED_FUNCTION = YES;
				GCC_WARN_UNUSED_VARIABLE = YES;
				IPHONEOS_DEPLOYMENT_TARGET = 17.2;
				LOCALIZATION_PREFERS_STRING_CATALOGS = YES;
				MTL_ENABLE_DEBUG_INFO = INCLUDE_SOURCE;
				MTL_FAST_MATH = YES;
				ONLY_ACTIVE_ARCH = YES;
				SDKROOT = iphoneos;
				SWIFT_ACTIVE_COMPILATION_CONDITIONS = "DEBUG $(inherited)";
				SWIFT_OPTIMIZATION_LEVEL = "-Onone";
			};
			name = Debug;
		};
		93C243F12C4C3BDB00471D51 /* Release */ = {
			isa = XCBuildConfiguration;
			buildSettings = {
				ALWAYS_SEARCH_USER_PATHS = NO;
				ASSETCATALOG_COMPILER_GENERATE_SWIFT_ASSET_SYMBOL_EXTENSIONS = YES;
				CLANG_ANALYZER_NONNULL = YES;
				CLANG_ANALYZER_NUMBER_OBJECT_CONVERSION = YES_AGGRESSIVE;
				CLANG_CXX_LANGUAGE_STANDARD = "gnu++20";
				CLANG_ENABLE_MODULES = YES;
				CLANG_ENABLE_OBJC_ARC = YES;
				CLANG_ENABLE_OBJC_WEAK = YES;
				CLANG_WARN_BLOCK_CAPTURE_AUTORELEASING = YES;
				CLANG_WARN_BOOL_CONVERSION = YES;
				CLANG_WARN_COMMA = YES;
				CLANG_WARN_CONSTANT_CONVERSION = YES;
				CLANG_WARN_DEPRECATED_OBJC_IMPLEMENTATIONS = YES;
				CLANG_WARN_DIRECT_OBJC_ISA_USAGE = YES_ERROR;
				CLANG_WARN_DOCUMENTATION_COMMENTS = YES;
				CLANG_WARN_EMPTY_BODY = YES;
				CLANG_WARN_ENUM_CONVERSION = YES;
				CLANG_WARN_INFINITE_RECURSION = YES;
				CLANG_WARN_INT_CONVERSION = YES;
				CLANG_WARN_NON_LITERAL_NULL_CONVERSION = YES;
				CLANG_WARN_OBJC_IMPLICIT_RETAIN_SELF = YES;
				CLANG_WARN_OBJC_LITERAL_CONVERSION = YES;
				CLANG_WARN_OBJC_ROOT_CLASS = YES_ERROR;
				CLANG_WARN_QUOTED_INCLUDE_IN_FRAMEWORK_HEADER = YES;
				CLANG_WARN_RANGE_LOOP_ANALYSIS = YES;
				CLANG_WARN_STRICT_PROTOTYPES = YES;
				CLANG_WARN_SUSPICIOUS_MOVE = YES;
				CLANG_WARN_UNGUARDED_AVAILABILITY = YES_AGGRESSIVE;
				CLANG_WARN_UNREACHABLE_CODE = YES;
				CLANG_WARN__DUPLICATE_METHOD_MATCH = YES;
				COPY_PHASE_STRIP = NO;
				DEBUG_INFORMATION_FORMAT = "dwarf-with-dsym";
				ENABLE_NS_ASSERTIONS = NO;
				ENABLE_STRICT_OBJC_MSGSEND = YES;
				ENABLE_USER_SCRIPT_SANDBOXING = YES;
				GCC_C_LANGUAGE_STANDARD = gnu17;
				GCC_NO_COMMON_BLOCKS = YES;
				GCC_WARN_64_TO_32_BIT_CONVERSION = YES;
				GCC_WARN_ABOUT_RETURN_TYPE = YES_ERROR;
				GCC_WARN_UNDECLARED_SELECTOR = YES;
				GCC_WARN_UNINITIALIZED_AUTOS = YES_AGGRESSIVE;
				GCC_WARN_UNUSED_FUNCTION = YES;
				GCC_WARN_UNUSED_VARIABLE = YES;
				IPHONEOS_DEPLOYMENT_TARGET = 17.2;
				LOCALIZATION_PREFERS_STRING_CATALOGS = YES;
				MTL_ENABLE_DEBUG_INFO = NO;
				MTL_FAST_MATH = YES;
				SDKROOT = iphoneos;
				SWIFT_COMPILATION_MODE = wholemodule;
				VALIDATE_PRODUCT = YES;
			};
			name = Release;
		};
		93C243F32C4C3BDB00471D51 /* Debug */ = {
			isa = XCBuildConfiguration;
			buildSettings = {
				ASSETCATALOG_COMPILER_APPICON_NAME = AppIcon;
				ASSETCATALOG_COMPILER_GLOBAL_ACCENT_COLOR_NAME = AccentColor;
				CODE_SIGN_STYLE = Automatic;
				CURRENT_PROJECT_VERSION = 1;
				DEVELOPMENT_ASSET_PATHS = "\"LittleLemonApp/Preview Content\"";
				DEVELOPMENT_TEAM = 7PMP3UQ276;
				ENABLE_PREVIEWS = YES;
				GENERATE_INFOPLIST_FILE = YES;
				INFOPLIST_KEY_UIApplicationSceneManifest_Generation = YES;
				INFOPLIST_KEY_UIApplicationSupportsIndirectInputEvents = YES;
				INFOPLIST_KEY_UILaunchScreen_Generation = YES;
				INFOPLIST_KEY_UISupportedInterfaceOrientations_iPad = "UIInterfaceOrientationPortrait UIInterfaceOrientationPortraitUpsideDown UIInterfaceOrientationLandscapeLeft UIInterfaceOrientationLandscapeRight";
				INFOPLIST_KEY_UISupportedInterfaceOrientations_iPhone = "UIInterfaceOrientationPortrait UIInterfaceOrientationLandscapeLeft UIInterfaceOrientationLandscapeRight";
				LD_RUNPATH_SEARCH_PATHS = (
					"$(inherited)",
					"@executable_path/Frameworks",
				);
				MARKETING_VERSION = 1.0;
				PRODUCT_BUNDLE_IDENTIFIER = ru.swiftbook.LittleLemonApp;
				PRODUCT_NAME = "$(TARGET_NAME)";
				SWIFT_EMIT_LOC_STRINGS = YES;
				SWIFT_VERSION = 5.0;
				TARGETED_DEVICE_FAMILY = "1,2";
			};
			name = Debug;
		};
		93C243F42C4C3BDB00471D51 /* Release */ = {
			isa = XCBuildConfiguration;
			buildSettings = {
				ASSETCATALOG_COMPILER_APPICON_NAME = AppIcon;
				ASSETCATALOG_COMPILER_GLOBAL_ACCENT_COLOR_NAME = AccentColor;
				CODE_SIGN_STYLE = Automatic;
				CURRENT_PROJECT_VERSION = 1;
				DEVELOPMENT_ASSET_PATHS = "\"LittleLemonApp/Preview Content\"";
				DEVELOPMENT_TEAM = 7PMP3UQ276;
				ENABLE_PREVIEWS = YES;
				GENERATE_INFOPLIST_FILE = YES;
				INFOPLIST_KEY_UIApplicationSceneManifest_Generation = YES;
				INFOPLIST_KEY_UIApplicationSupportsIndirectInputEvents = YES;
				INFOPLIST_KEY_UILaunchScreen_Generation = YES;
				INFOPLIST_KEY_UISupportedInterfaceOrientations_iPad = "UIInterfaceOrientationPortrait UIInterfaceOrientationPortraitUpsideDown UIInterfaceOrientationLandscapeLeft UIInterfaceOrientationLandscapeRight";
				INFOPLIST_KEY_UISupportedInterfaceOrientations_iPhone = "UIInterfaceOrientationPortrait UIInterfaceOrientationLandscapeLeft UIInterfaceOrientationLandscapeRight";
				LD_RUNPATH_SEARCH_PATHS = (
					"$(inherited)",
					"@executable_path/Frameworks",
				);
				MARKETING_VERSION = 1.0;
				PRODUCT_BUNDLE_IDENTIFIER = ru.swiftbook.LittleLemonApp;
				PRODUCT_NAME = "$(TARGET_NAME)";
				SWIFT_EMIT_LOC_STRINGS = YES;
				SWIFT_VERSION = 5.0;
				TARGETED_DEVICE_FAMILY = "1,2";
			};
			name = Release;
		};
		93C243F62C4C3BDB00471D51 /* Debug */ = {
			isa = XCBuildConfiguration;
			buildSettings = {
				ALWAYS_EMBED_SWIFT_STANDARD_LIBRARIES = YES;
				BUNDLE_LOADER = "$(TEST_HOST)";
				CODE_SIGN_STYLE = Automatic;
				CURRENT_PROJECT_VERSION = 1;
				DEVELOPMENT_TEAM = 7PMP3UQ276;
				GENERATE_INFOPLIST_FILE = YES;
				IPHONEOS_DEPLOYMENT_TARGET = 17.2;
				MARKETING_VERSION = 1.0;
				PRODUCT_BUNDLE_IDENTIFIER = ru.swiftbook.LittleLemonAppTests;
				PRODUCT_NAME = "$(TARGET_NAME)";
				SWIFT_EMIT_LOC_STRINGS = NO;
				SWIFT_VERSION = 5.0;
				TARGETED_DEVICE_FAMILY = "1,2";
				TEST_HOST = "$(BUILT_PRODUCTS_DIR)/LittleLemonApp.app/$(BUNDLE_EXECUTABLE_FOLDER_PATH)/LittleLemonApp";
			};
			name = Debug;
		};
		93C243F72C4C3BDB00471D51 /* Release */ = {
			isa = XCBuildConfiguration;
			buildSettings = {
				ALWAYS_EMBED_SWIFT_STANDARD_LIBRARIES = YES;
				BUNDLE_LOADER = "$(TEST_HOST)";
				CODE_SIGN_STYLE = Automatic;
				CURRENT_PROJECT_VERSION = 1;
				DEVELOPMENT_TEAM = 7PMP3UQ276;
				GENERATE_INFOPLIST_FILE = YES;
				IPHONEOS_DEPLOYMENT_TARGET = 17.2;
				MARKETING_VERSION = 1.0;
				PRODUCT_BUNDLE_IDENTIFIER = ru.swiftbook.LittleLemonAppTests;
				PRODUCT_NAME = "$(TARGET_NAME)";
				SWIFT_EMIT_LOC_STRINGS = NO;
				SWIFT_VERSION = 5.0;
				TARGETED_DEVICE_FAMILY = "1,2";
				TEST_HOST = "$(BUILT_PRODUCTS_DIR)/LittleLemonApp.app/$(BUNDLE_EXECUTABLE_FOLDER_PATH)/LittleLemonApp";
			};
			name = Release;
		};
		93C243F92C4C3BDB00471D51 /* Debug */ = {
			isa = XCBuildConfiguration;
			buildSettings = {
				ALWAYS_EMBED_SWIFT_STANDARD_LIBRARIES = YES;
				CODE_SIGN_STYLE = Automatic;
				CURRENT_PROJECT_VERSION = 1;
				DEVELOPMENT_TEAM = 7PMP3UQ276;
				GENERATE_INFOPLIST_FILE = YES;
				MARKETING_VERSION = 1.0;
				PRODUCT_BUNDLE_IDENTIFIER = ru.swiftbook.LittleLemonAppUITests;
				PRODUCT_NAME = "$(TARGET_NAME)";
				SWIFT_EMIT_LOC_STRINGS = NO;
				SWIFT_VERSION = 5.0;
				TARGETED_DEVICE_FAMILY = "1,2";
				TEST_TARGET_NAME = LittleLemonApp;
			};
			name = Debug;
		};
		93C243FA2C4C3BDB00471D51 /* Release */ = {
			isa = XCBuildConfiguration;
			buildSettings = {
				ALWAYS_EMBED_SWIFT_STANDARD_LIBRARIES = YES;
				CODE_SIGN_STYLE = Automatic;
				CURRENT_PROJECT_VERSION = 1;
				DEVELOPMENT_TEAM = 7PMP3UQ276;
				GENERATE_INFOPLIST_FILE = YES;
				MARKETING_VERSION = 1.0;
				PRODUCT_BUNDLE_IDENTIFIER = ru.swiftbook.LittleLemonAppUITests;
				PRODUCT_NAME = "$(TARGET_NAME)";
				SWIFT_EMIT_LOC_STRINGS = NO;
				SWIFT_VERSION = 5.0;
				TARGETED_DEVICE_FAMILY = "1,2";
				TEST_TARGET_NAME = LittleLemonApp;
			};
			name = Release;
		};
/* End XCBuildConfiguration section */

/* Begin XCConfigurationList section */
		93C243C42C4C3BD800471D51 /* Build configuration list for PBXProject "LittleLemonApp" */ = {
			isa = XCConfigurationList;
			buildConfigurations = (
				93C243F02C4C3BDB00471D51 /* Debug */,
				93C243F12C4C3BDB00471D51 /* Release */,
			);
			defaultConfigurationIsVisible = 0;
			defaultConfigurationName = Release;
		};
		93C243F22C4C3BDB00471D51 /* Build configuration list for PBXNativeTarget "LittleLemonApp" */ = {
			isa = XCConfigurationList;
			buildConfigurations = (
				93C243F32C4C3BDB00471D51 /* Debug */,
				93C243F42C4C3BDB00471D51 /* Release */,
			);
			defaultConfigurationIsVisible = 0;
			defaultConfigurationName = Release;
		};
		93C243F52C4C3BDB00471D51 /* Build configuration list for PBXNativeTarget "LittleLemonAppTests" */ = {
			isa = XCConfigurationList;
			buildConfigurations = (
				93C243F62C4C3BDB00471D51 /* Debug */,
				93C243F72C4C3BDB00471D51 /* Release */,
			);
			defaultConfigurationIsVisible = 0;
			defaultConfigurationName = Release;
		};
		93C243F82C4C3BDB00471D51 /* Build configuration list for PBXNativeTarget "LittleLemonAppUITests" */ = {
			isa = XCConfigurationList;
			buildConfigurations = (
				93C243F92C4C3BDB00471D51 /* Debug */,
				93C243FA2C4C3BDB00471D51 /* Release */,
			);
			defaultConfigurationIsVisible = 0;
			defaultConfigurationName = Release;
		};
/* End XCConfigurationList section */

/* Begin XCVersionGroup section */
		93C243D72C4C3BDA00471D51 /* LittleLemonApp.xcdatamodeld */ = {
			isa = XCVersionGroup;
			children = (
				93C243D82C4C3BDA00471D51 /* LittleLemonApp.xcdatamodel */,
			);
			currentVersion = 93C243D82C4C3BDA00471D51 /* LittleLemonApp.xcdatamodel */;
			path = LittleLemonApp.xcdatamodeld;
			sourceTree = "<group>";
			versionGroupType = wrapper.xcdatamodel;
		};
/* End XCVersionGroup section */
	};
	rootObject = 93C243C12C4C3BD800471D51 /* Project object */;
}
